schema: '2.0'
stages:
  generate:
    cmd: python src/generate.py --schema_path prompts/context/db_schema_descriptive.txt
      --examples_path data/examples_queries_test.json --output_dir output
    deps:
    - path: data/examples_queries_test.json
      hash: md5
      md5: eff0bf5bae554533ff8c9f8961bda5d5
      size: 79303
    - path: prompts/context/db_schema_descriptive.txt
      hash: md5
      md5: afbe122901132dd2382463652e2d4128
      size: 15697
    - path: src/generate.py
      hash: md5
      md5: 2bdaf46366bface42d68cae1044fc4f3
      size: 3089
    params:
      params.yaml:
        generate:
          prompt: prompts/prompt_CoT.txt
          model: qwen2.5-coder-14b-instruct
          temperature: 0.1
    outs:
    - path: output/generated_queries.json
      hash: md5
      md5: d516e363edf2dd8e647b2637e7292533
      size: 8078
  evaluate:
    cmd: python src/eval.py --generated_queries_path output/generated_queries.json
      --reference_examples_path data/examples_queries_test.json --output_dir output
    deps:
    - path: data/examples_queries_test.json
      hash: md5
      md5: eff0bf5bae554533ff8c9f8961bda5d5
      size: 79303
    - path: output/generated_queries.json
      hash: md5
      md5: d516e363edf2dd8e647b2637e7292533
      size: 8078
    - path: src/eval.py
      hash: md5
      md5: 386177348fb2ca4e8ca804e44b32d9b1
      size: 4079
    outs:
    - path: output/eval.json
      hash: md5
      md5: b57886ac6d14e6fbd6c038edbf4693c1
      size: 2132
    - path: output/metrics.json
      hash: md5
      md5: 3aa4a0288e775f6dd5e43a9657ae69a9
      size: 88
